schema: '2.0'
stages:
  train:
    cmd: "python src/train.py --input data/raw/housing.csv --out models/dt.pkl --metrics
      metrics/metrics.json --test-size 0.2 --random-state 42 --max-depth 8\n"
    deps:
    - path: data/raw/housing.csv
      hash: md5
      md5: 31d33b4cce116591df8b6d2ebff5de4f
      size: 1896067
    - path: src/train.py
      hash: md5
      md5: af47f312e91ac0e644a4f6ed4505899d
      size: 4909
    outs:
    - path: metrics/metrics.json
      hash: md5
      md5: 4af5601c60b81ef07e26d1950b2f99aa
      size: 516
    - path: models/dt.pkl
      hash: md5
      md5: 11cf13e9a65e5036d0ed13e6b6c98fe8
      size: 35425
